
Microsoft Visual Studio Solution File, Format Version 12.00
# Visual Studio 15
VisualStudioVersion = 15.0.26228.13
MinimumVisualStudioVersion = 10.0.40219.1
Project("{FAE04EC0-301F-11D3-BF4B-00C04F79EFBC}") = "IfcXplorer", "IfcXplorer\IfcXplorer.csproj", "{2B520F59-463B-4D0D-929C-120AEA698186}"
EndProject
Global
	GlobalSection(SolutionConfigurationPlatforms) = preSolution
		Debug|x64 = Debug|x64
		Release|x64 = Release|x64
	EndGlobalSection
	GlobalSection(ProjectConfigurationPlatforms) = postSolution
		{2B520F59-463B-4D0D-929C-120AEA698186}.Debug|x64.ActiveCfg = Debug|x64
		{2B520F59-463B-4D0D-929C-120AEA698186}.Debug|x64.Build.0 = Debug|x64
		{2B520F59-463B-4D0D-929C-120AEA698186}.Release|x64.ActiveCfg = Release|x64
		{2B520F59-463B-4D0D-929C-120AEA698186}.Release|x64.Build.0 = Release|x64
	EndGlobalSection
	GlobalSection(SolutionProperties) = preSolution
		HideSolutionNode = FALSE
	EndGlobalSection
	GlobalSection(ExtensibilityGlobals) = postSolution
		SolutionGuid = {4004829C-2263-466F-A083-2CCDBAD8B43E}
	EndGlobalSection
EndGlobal
